<?xml version="1.0" encoding="utf-8"?>
<Project ToolsVersion="4.0" xmlns="http://schemas.microsoft.com/developer/msbuild/2003">
  <ItemGroup>
    <Filter Include="ソース ファイル">
      <UniqueIdentifier>{4FC737F1-C7A5-4376-A066-2A32D752A2FF}</UniqueIdentifier>
      <Extensions>cpp;c;cc;cxx;c++;cppm;ixx;def;odl;idl;hpj;bat;asm;asmx</Extensions>
    </Filter>
    <Filter Include="ヘッダー ファイル">
      <UniqueIdentifier>{93995380-89BD-4b04-88EB-625FBE52EBFB}</UniqueIdentifier>
      <Extensions>h;hh;hpp;hxx;h++;hm;inl;inc;ipp;xsd</Extensions>
    </Filter>
    <Filter Include="リソース ファイル">
      <UniqueIdentifier>{67DA6AB6-F800-4c08-8B7A-83BB121AAD01}</UniqueIdentifier>
      <Extensions>rc;ico;cur;bmp;dlg;rc2;rct;bin;rgs;gif;jpg;jpeg;jpe;resx;tiff;tif;png;wav;mfcribbon-ms</Extensions>
    </Filter>
    <Filter Include="CLEYERA">
      <UniqueIdentifier>{1f5a0258-12fb-4a33-999e-316c9a41fa8b}</UniqueIdentifier>
    </Filter>
    <Filter Include="CLEYERA\Setup">
      <UniqueIdentifier>{b4e1bbba-605e-49a6-b770-8e31d4e2c065}</UniqueIdentifier>
    </Filter>
    <Filter Include="CLEYERA\Setup\Log">
      <UniqueIdentifier>{d23767cf-4c72-47a1-a0b7-447bf7828484}</UniqueIdentifier>
    </Filter>
    <Filter Include="CLEYERA\Setup\Win">
      <UniqueIdentifier>{fbf39094-dadc-4735-bfcf-ecfd0db1b8f8}</UniqueIdentifier>
    </Filter>
    <Filter Include="CLEYERA\config">
      <UniqueIdentifier>{68cbbdd4-b854-45dc-a2cb-9161377711e8}</UniqueIdentifier>
    </Filter>
    <Filter Include="CLEYERA\Setup\DX">
      <UniqueIdentifier>{553faec0-e51f-4c38-84c7-a2e6f323e506}</UniqueIdentifier>
    </Filter>
    <Filter Include="CLEYERA\Models">
      <UniqueIdentifier>{3e42a95f-aee4-4ec8-a147-6834e9d5589f}</UniqueIdentifier>
    </Filter>
    <Filter Include="Shader">
      <UniqueIdentifier>{af344174-4e7e-4077-aff5-96592e067151}</UniqueIdentifier>
    </Filter>
    <Filter Include="CLEYERA\Matrix">
      <UniqueIdentifier>{4eff2f11-e55e-4e5c-923e-5eb3d4fd48cf}</UniqueIdentifier>
    </Filter>
    <Filter Include="CLEYERA\Vector">
      <UniqueIdentifier>{44485d7c-e8cd-4df3-b406-272821ffa74f}</UniqueIdentifier>
    </Filter>
    <Filter Include="CLEYERA\Models\TexManager">
      <UniqueIdentifier>{098ef3e0-4f99-4a21-a359-a4218c0cace7}</UniqueIdentifier>
    </Filter>
    <Filter Include="CLEYERA\ImGuiSetup">
      <UniqueIdentifier>{486b878c-e23f-4165-bf96-e128e9c396d2}</UniqueIdentifier>
    </Filter>
    <Filter Include="CLEYERA\ImGuiSetup\ImGui">
      <UniqueIdentifier>{b9cf4fac-87ae-40a7-9cb5-7eb14a839dce}</UniqueIdentifier>
    </Filter>
  </ItemGroup>
  <ItemGroup>
    <ClCompile Include="main.cpp">
      <Filter>ソース ファイル</Filter>
    </ClCompile>
    <ClCompile Include="CLEYERA\CLEYERA.cpp">
      <Filter>CLEYERA</Filter>
    </ClCompile>
    <ClCompile Include="CLEYERA\Models\Model.cpp">
      <Filter>CLEYERA\Models</Filter>
    </ClCompile>
    <ClCompile Include="CLEYERA\Matrix\MatrixTransform.cpp">
      <Filter>CLEYERA\Matrix</Filter>
    </ClCompile>
    <ClCompile Include="CLEYERA\TexManager\TexManager.cpp">
      <Filter>CLEYERA\Models\TexManager</Filter>
    </ClCompile>
    <ClCompile Include="CLEYERA\externals\imgui\imgui.cpp">
      <Filter>CLEYERA\ImGuiSetup\ImGui</Filter>
    </ClCompile>
    <ClCompile Include="CLEYERA\externals\imgui\imgui_demo.cpp">
      <Filter>CLEYERA\ImGuiSetup\ImGui</Filter>
    </ClCompile>
    <ClCompile Include="CLEYERA\externals\imgui\imgui_draw.cpp">
      <Filter>CLEYERA\ImGuiSetup\ImGui</Filter>
    </ClCompile>
    <ClCompile Include="CLEYERA\externals\imgui\imgui_impl_dx12.cpp">
      <Filter>CLEYERA\ImGuiSetup\ImGui</Filter>
    </ClCompile>
    <ClCompile Include="CLEYERA\externals\imgui\imgui_impl_win32.cpp">
      <Filter>CLEYERA\ImGuiSetup\ImGui</Filter>
    </ClCompile>
    <ClCompile Include="CLEYERA\externals\imgui\imgui_tables.cpp">
      <Filter>CLEYERA\ImGuiSetup\ImGui</Filter>
    </ClCompile>
    <ClCompile Include="CLEYERA\externals\imgui\imgui_widgets.cpp">
      <Filter>CLEYERA\ImGuiSetup\ImGui</Filter>
    </ClCompile>
    <ClCompile Include="CLEYERA\ImGui\ImGuiManager.cpp">
      <Filter>CLEYERA\ImGuiSetup</Filter>
    </ClCompile>
    <ClCompile Include="CLEYERA\DX\DirectXSetup.cpp">
      <Filter>CLEYERA\Setup\DX</Filter>
    </ClCompile>
    <ClCompile Include="CLEYERA\Win\WinApp.cpp">
      <Filter>CLEYERA\Setup\Win</Filter>
    </ClCompile>
    <ClCompile Include="CLEYERA\LogManager\Log.cpp">
      <Filter>CLEYERA\Setup\Log</Filter>
    </ClCompile>
  </ItemGroup>
  <ItemGroup>
    <ClInclude Include="CLEYERA\CLEYERA.h">
      <Filter>CLEYERA</Filter>
    </ClInclude>
    <ClInclude Include="CLEYERA\Models\Model.h">
      <Filter>CLEYERA\Models</Filter>
    </ClInclude>
    <ClInclude Include="CLEYERA\Matrix\Matrix2x2.h">
      <Filter>CLEYERA\Matrix</Filter>
    </ClInclude>
    <ClInclude Include="CLEYERA\Matrix\Matrix3x3.h">
      <Filter>CLEYERA\Matrix</Filter>
    </ClInclude>
    <ClInclude Include="CLEYERA\Matrix\Matrix4x4.h">
      <Filter>CLEYERA\Matrix</Filter>
    </ClInclude>
    <ClInclude Include="CLEYERA\Vector\Vector2.h">
      <Filter>CLEYERA\Vector</Filter>
    </ClInclude>
    <ClInclude Include="CLEYERA\Vector\Vector3.h">
      <Filter>CLEYERA\Vector</Filter>
    </ClInclude>
    <ClInclude Include="CLEYERA\Vector\Vector4.h">
      <Filter>CLEYERA\Vector</Filter>
    </ClInclude>
    <ClInclude Include="CLEYERA\Matrix\MatrixTransform.h">
      <Filter>CLEYERA\Matrix</Filter>
    </ClInclude>
    <ClInclude Include="CLEYERA\TexManager\TexManager.h">
      <Filter>CLEYERA\Models\TexManager</Filter>
    </ClInclude>
    <ClInclude Include="CLEYERA\externals\imgui\imconfig.h">
      <Filter>CLEYERA\ImGuiSetup\ImGui</Filter>
    </ClInclude>
    <ClInclude Include="CLEYERA\externals\imgui\imgui.h">
      <Filter>CLEYERA\ImGuiSetup\ImGui</Filter>
    </ClInclude>
    <ClInclude Include="CLEYERA\externals\imgui\imgui_impl_dx12.h">
      <Filter>CLEYERA\ImGuiSetup\ImGui</Filter>
    </ClInclude>
    <ClInclude Include="CLEYERA\externals\imgui\imgui_impl_win32.h">
      <Filter>CLEYERA\ImGuiSetup\ImGui</Filter>
    </ClInclude>
    <ClInclude Include="CLEYERA\externals\imgui\imgui_internal.h">
      <Filter>CLEYERA\ImGuiSetup\ImGui</Filter>
    </ClInclude>
    <ClInclude Include="CLEYERA\externals\imgui\imstb_rectpack.h">
      <Filter>CLEYERA\ImGuiSetup\ImGui</Filter>
    </ClInclude>
    <ClInclude Include="CLEYERA\externals\imgui\imstb_textedit.h">
      <Filter>CLEYERA\ImGuiSetup\ImGui</Filter>
    </ClInclude>
    <ClInclude Include="CLEYERA\externals\imgui\imstb_truetype.h">
      <Filter>CLEYERA\ImGuiSetup\ImGui</Filter>
    </ClInclude>
    <ClInclude Include="CLEYERA\ImGui\ImGuiManager.h">
      <Filter>CLEYERA\ImGuiSetup</Filter>
    </ClInclude>
    <ClInclude Include="CLEYERA\DX\DirectXSetup.h">
      <Filter>CLEYERA\Setup\DX</Filter>
    </ClInclude>
    <ClInclude Include="CLEYERA\Win\WinApp.h">
      <Filter>CLEYERA\Setup\Win</Filter>
    </ClInclude>
    <ClInclude Include="CLEYERA\LogManager\Log.h">
      <Filter>CLEYERA\Setup\Log</Filter>
    </ClInclude>
  </ItemGroup>
  <ItemGroup>
    <None Include="CLEYERA\config\.editorconfig">
      <Filter>CLEYERA\config</Filter>
    </None>
    <None Include="Shader\SpriteObject3d.hlsli">
      <Filter>Shader</Filter>
    </None>
  </ItemGroup>
  <ItemGroup>
    <FxCompile Include="Shader\ShapeObject3d.PS.hlsl">
      <Filter>Shader</Filter>
    </FxCompile>
    <FxCompile Include="Shader\ShapeObject3d.VS.hlsl">
      <Filter>Shader</Filter>
    </FxCompile>
    <FxCompile Include="Shader\SpriteObject3d.PS.hlsl">
      <Filter>Shader</Filter>
    </FxCompile>
    <FxCompile Include="Shader\SpriteObject3d.VS.hlsl">
      <Filter>Shader</Filter>
    </FxCompile>
  </ItemGroup>
  <ItemGroup>
    <Text Include="CLEYERA\externals\imgui\LICENSE.txt">
      <Filter>CLEYERA\ImGuiSetup\ImGui</Filter>
    </Text>
  </ItemGroup>
</Project>